{
  "name": "slightning",
  "version": "0.0.0",
  "lockfileVersion": 3,
  "requires": true,
  "packages": {
    "": {
      "name": "slightning",
      "version": "0.0.0",
      "dependencies": {
        "vue": "^3.5.18",
        "vue-router": "^4.5.1"
      },
      "devDependencies": {
        "@rsbuild/core": "^2.0.9",
        "@rsbuild/plugin-vue": "^1.2.9",
        "@tsconfig/node22": "^22.0.2",
        "@types/node": "^22.16.5",
        "typescript": "^6.0.0"
      },
      "engines": {
        "node": "^20.19.0 || >=22.12.0"
      }
    },
    "node_modules/@babel/helper-string-parser": {
      "version": "7.27.1",
      "resolved": "https://registry.npmmirror.com/@babel/helper-string-parser/-/helper-string-parser-7.27.1.tgz",
      "integrity": "sha512-qMlSxKbpRlAridDExk92nSobyDdpPijUq2DW6oDnUqd0iOGxmQjyqhMIihI9+zv4LPyZdRje2cavWPbCbWm3eA==",
      "license": "MIT",
      "engines": {
        "node": ">=6.9.0"
      }
    },
    "node_modules/@babel/helper-validator-identifier": {
      "version": "7.27.1",
      "resolved": "https://registry.npmmirror.com/@babel/helper-validator-identifier/-/helper-validator-identifier-7.27.1.tgz",
      "integrity": "sha512-D2hP9eA+Sqx1kBZgzxZh0y1trbuU+JoDkiEwqhQ36nodYqJwyEIhPSdMNd7lOm/4io72luTPWH20Yda0xOuUow==",
      "license": "MIT",
      "engines": {
        "node": ">=6.9.0"
      }
    },
    "node_modules/@babel/parser": {
      "version": "7.28.0",
      "resolved": "https://registry.npmmirror.com/@babel/parser/-/parser-7.28.0.tgz",
      "integrity": "sha512-jVZGvOxOuNSsuQuLRTh13nU0AogFlw32w/MT+LV6D3sP5WdbW61E77RnkbaO2dUvmPAYrBDJXGn5gGS6tH4j8g==",
      "license": "MIT",
      "dependencies": {
        "@babel/types": "^7.28.0"
      },
      "bin": {
        "parser": "bin/babel-parser.js"
      },
      "engines": {
        "node": ">=6.0.0"
      }
    },
    "node_modules/@babel/types": {
      "version": "7.28.2",
      "resolved": "https://registry.npmmirror.com/@babel/types/-/types-7.28.2.tgz",
      "integrity": "sha512-ruv7Ae4J5dUYULmeXw1gmb7rYRz57OWCPM57pHojnLq/3Z1CK2lNSLTCVjxVk1F/TZHwOZZrOWi0ur95BbLxNQ==",
      "license": "MIT",
      "dependencies": {
        "@babel/helper-string-parser": "^7.27.1",
        "@babel/helper-validator-identifier": "^7.27.1"
      },
      "engines": {
        "node": ">=6.9.0"
      }
    },
    "node_modules/@jridgewell/sourcemap-codec": {
      "version": "1.5.4",
      "resolved": "https://registry.npmmirror.com/@jridgewell/sourcemap-codec/-/sourcemap-codec-1.5.4.tgz",
      "integrity": "sha512-VT2+G1VQs/9oz078bLrYbecdZKs912zQlkelYpuf+SXF+QvZDYJlbx/LSx+meSAwdDFnF8FVXW92AVjjkVmgFw==",
      "license": "MIT"
    },
    "node_modules/@rsbuild/core": {
      "version": "2.0.11",
      "resolved": "https://registry.npmmirror.com/@rsbuild/core/-/core-2.0.11.tgz",
      "integrity": "sha512-Mpp/viUSkVdSWJkFipdZxM2nUztrBwSnMm6Q86bPzLHtHnXqQ3VFpSMlA4wWRyySNddP6s6efKiVpx0ZOCf7Gg==",
      "dev": true,
      "license": "MIT",
      "dependencies": {
        "@rspack/core": "~2.0.6",
        "@swc/helpers": "^0.5.23"
      },
      "bin": {
        "rsbuild": "bin/rsbuild.js"
      },
      "engines": {
        "node": "^20.19.0 || >=22.12.0"
      },
      "peerDependencies": {
        "core-js": ">= 3.0.0"
      },
      "peerDependenciesMeta": {
        "core-js": {
          "optional": true
        }
      }
    },
    "node_modules/@rsbuild/core/node_modules/@emnapi/core": {
      "version": "1.10.0",
      "resolved": "https://registry.npmmirror.com/@emnapi/core/-/core-1.10.0.tgz",
      "integrity": "sha512-yq6OkJ4p82CAfPl0u9mQebQHKPJkY7WrIuk205cTYnYe+k2Z8YBh11FrbRG/H6ihirqcacOgl2BIO8oyMQLeXw==",
      "dev": true,
      "license": "MIT",
      "optional": true,
      "dependencies": {
        "@emnapi/wasi-threads": "1.2.1",
        "tslib": "^2.4.0"
      }
    },
    "node_modules/@rsbuild/core/node_modules/@emnapi/runtime": {
      "version": "1.10.0",
      "resolved": "https://registry.npmmirror.com/@emnapi/runtime/-/runtime-1.10.0.tgz",
      "integrity": "sha512-ewvYlk86xUoGI0zQRNq/mC+16R1QeDlKQy21Ki3oSYXNgLb45GV1P6A0M+/s6nyCuNDqe5VpaY84BzXGwVbwFA==",
      "dev": true,
      "license": "MIT",
      "optional": true,
      "dependencies": {
        "tslib": "^2.4.0"
      }
    },
    "node_modules/@rsbuild/core/node_modules/@emnapi/wasi-threads": {
      "version": "1.2.1",
      "resolved": "https://registry.npmmirror.com/@emnapi/wasi-threads/-/wasi-threads-1.2.1.tgz",
      "integrity": "sha512-uTII7OYF+/Mes/MrcIOYp5yOtSMLBWSIoLPpcgwipoiKbli6k322tcoFsxoIIxPDqW01SQGAgko4EzZi2BNv2w==",
      "dev": true,
      "license": "MIT",
      "optional": true,
      "dependencies": {
        "tslib": "^2.4.0"
      }
    },
    "node_modules/@rsbuild/core/node_modules/@napi-rs/wasm-runtime": {
      "version": "1.1.4",
      "resolved": "https://registry.npmmirror.com/@napi-rs/wasm-runtime/-/wasm-runtime-1.1.4.tgz",
      "integrity": "sha512-3NQNNgA1YSlJb/kMH1ildASP9HW7/7kYnRI2szWJaofaS1hWmbGI4H+d3+22aGzXXN9IJ+n+GiFVcGipJP18ow==",
      "dev": true,
      "license": "MIT",
      "optional": true,
      "dependencies": {
        "@tybys/wasm-util": "^0.10.1"
      },
      "funding": {
        "type": "github",
        "url": "https://github.com/sponsors/Brooooooklyn"
      },
      "peerDependencies": {
        "@emnapi/core": "^1.7.1",
        "@emnapi/runtime": "^1.7.1"
      }
    },
    "node_modules/@rsbuild/core/node_modules/@rspack/binding": {
      "version": "2.0.6",
      "resolved": "https://registry.npmmirror.com/@rspack/binding/-/binding-2.0.6.tgz",
      "integrity": "sha512-z5EO9mPlmYNpHAlRGub0Chr6D+Klgy+tX36n7tCm7VRGRlwTmTU9wSENrYbHcCpFbegtrE0s30rDeTBeOu+JiQ==",
      "dev": true,
      "license": "MIT",
      "optionalDependencies": {
        "@rspack/binding-darwin-arm64": "2.0.6",
        "@rspack/binding-darwin-x64": "2.0.6",
        "@rspack/binding-linux-arm64-gnu": "2.0.6",
        "@rspack/binding-linux-arm64-musl": "2.0.6",
        "@rspack/binding-linux-x64-gnu": "2.0.6",
        "@rspack/binding-linux-x64-musl": "2.0.6",
        "@rspack/binding-wasm32-wasi": "2.0.6",
        "@rspack/binding-win32-arm64-msvc": "2.0.6",
        "@rspack/binding-win32-ia32-msvc": "2.0.6",
        "@rspack/binding-win32-x64-msvc": "2.0.6"
      }
    },
    "node_modules/@rsbuild/core/node_modules/@rspack/binding-darwin-arm64": {
      "version": "2.0.6",
      "resolved": "https://registry.npmmirror.com/@rspack/binding-darwin-arm64/-/binding-darwin-arm64-2.0.6.tgz",
      "integrity": "sha512-0giCKiWlBfcM4i2scv1j2k9HlSecO9Ybhaa5wsMUyvcFeKr9HbNHh7C2eDFlC6zaI85IUdY71TXF/g/Tcxr9MA==",
      "cpu": [
        "arm64"
      ],
      "dev": true,
      "license": "MIT",
      "optional": true,
      "os": [
        "darwin"
      ]
    },
    "node_modules/@rsbuild/core/node_modules/@rspack/binding-darwin-x64": {
      "version": "2.0.6",
      "resolved": "https://registry.npmmirror.com/@rspack/binding-darwin-x64/-/binding-darwin-x64-2.0.6.tgz",
      "integrity": "sha512-/mMo2IpI02aOKMlHbVbZue3TJxFqHGX+ibVTdEO+6bzRSuHs7+R9KM5U3XH2YxcWJy5Sid1X1T1pJAjsXcE3rA==",
      "cpu": [
        "x64"
      ],
      "dev": true,
      "license": "MIT",
      "optional": true,
      "os": [
        "darwin"
      ]
    },
    "node_modules/@rsbuild/core/node_modules/@rspack/binding-linux-arm64-gnu": {
      "version": "2.0.6",
      "resolved": "https://registry.npmmirror.com/@rspack/binding-linux-arm64-gnu/-/binding-linux-arm64-gnu-2.0.6.tgz",
      "integrity": "sha512-H6ACzeM1KBxYDEF8YAim3501Jb1aCsSG79Gjm1M4pwJ5OJPK2ydiJEa438ugXmh0962eKYMHI2yZY0sQq8txaw==",
      "cpu": [
        "arm64"
      ],
      "dev": true,
      "license": "MIT",
      "optional": true,
      "os": [
        "linux"
      ]
    },
    "node_modules/@rsbuild/core/node_modules/@rspack/binding-linux-arm64-musl": {
      "version": "2.0.6",
      "resolved": "https://registry.npmmirror.com/@rspack/binding-linux-arm64-musl/-/binding-linux-arm64-musl-2.0.6.tgz",
      "integrity": "sha512-QTFmBg0n+L397Wi8CIjbd5pe/hxpHnqCDaG1A7e2NWX8Fj9zulAoKLiKflQa1ELEhAY4Foq88aX75+Ilt2tHcw==",
      "cpu": [
        "arm64"
      ],
      "dev": true,
      "license": "MIT",
      "optional": true,
      "os": [
        "linux"
      ]
    },
    "node_modules/@rsbuild/core/node_modules/@rspack/binding-linux-x64-gnu": {
      "version": "2.0.6",
      "resolved": "https://registry.npmmirror.com/@rspack/binding-linux-x64-gnu/-/binding-linux-x64-gnu-2.0.6.tgz",
      "integrity": "sha512-rerCAz022zf0ewxI+7n3SrqLEaxCL+MXRxKjK5FLUGFa8UkIrivq+VUP/1OB6JLh2Bucebc7Y9WoWHvtk22mLA==",
      "cpu": [
        "x64"
      ],
      "dev": true,
      "license": "MIT",
      "optional": true,
      "os": [
        "linux"
      ]
    },
    "node_modules/@rsbuild/core/node_modules/@rspack/binding-linux-x64-musl": {
      "version": "2.0.6",
      "resolved": "https://registry.npmmirror.com/@rspack/binding-linux-x64-musl/-/binding-linux-x64-musl-2.0.6.tgz",
      "integrity": "sha512-96IgOFXQjX6Wbxd+DCYJFy2r/VMu1OoHifW4Cr3kGTYDKoQOIMLwb0ieu/ILp2dGWFMZo5S8odiByAmNICAOIA==",
      "cpu": [
        "x64"
      ],
      "dev": true,
      "license": "MIT",
      "optional": true,
      "os": [
        "linux"
      ]
    },
    "node_modules/@rsbuild/core/node_modules/@rspack/binding-wasm32-wasi": {
      "version": "2.0.6",
      "resolved": "https://registry.npmmirror.com/@rspack/binding-wasm32-wasi/-/binding-wasm32-wasi-2.0.6.tgz",
      "integrity": "sha512-0aWiF+qmdb0csp1x+MaR2o1pscoquLaEbLTVdKjmoTRs6sguMemtB1ObnVTahAUL73P66WePuNpFAJ81zNdqzQ==",
      "cpu": [
        "wasm32"
      ],
      "dev": true,
      "license": "MIT",
      "optional": true,
      "dependencies": {
        "@emnapi/core": "1.10.0",
        "@emnapi/runtime": "1.10.0",
        "@napi-rs/wasm-runtime": "1.1.4"
      }
    },
    "node_modules/@rsbuild/core/node_modules/@rspack/binding-win32-arm64-msvc": {
      "version": "2.0.6",
      "resolved": "https://registry.npmmirror.com/@rspack/binding-win32-arm64-msvc/-/binding-win32-arm64-msvc-2.0.6.tgz",
      "integrity": "sha512-BX638A1MXsjc2E3tUskVh3X/WBIHjLKK+lo395v7MmEL9u2BA6l3F6RyW+YaJOt5aEOOv83iA7iCZsviVZ49Uw==",
      "cpu": [
        "arm64"
      ],
      "dev": true,
      "license": "MIT",
      "optional": true,
      "os": [
        "win32"
      ]
    },
    "node_modules/@rsbuild/core/node_modules/@rspack/binding-win32-ia32-msvc": {
      "version": "2.0.6",
      "resolved": "https://registry.npmmirror.com/@rspack/binding-win32-ia32-msvc/-/binding-win32-ia32-msvc-2.0.6.tgz",
      "integrity": "sha512-DCK/+MlN35uvH7tp4j0hbg8wIs9MHArMIrNZXtiD8xP6DNw2wrXcGC1VaxxR5apyWpqXAfIL/KsXBiWS3ygCvg==",
      "cpu": [
        "ia32"
      ],
      "dev": true,
      "license": "MIT",
      "optional": true,
      "os": [
        "win32"
      ]
    },
    "node_modules/@rsbuild/core/node_modules/@rspack/binding-win32-x64-msvc": {
      "version": "2.0.6",
      "resolved": "https://registry.npmmirror.com/@rspack/binding-win32-x64-msvc/-/binding-win32-x64-msvc-2.0.6.tgz",
      "integrity": "sha512-TxutgzdEX9BkAU/5liKxdQmggJ23INz7EZDWtzSJO6C2SiSYzTJdyPQDIJi1ddkM5TX/drzH184gAJMVOQefng==",
      "cpu": [
        "x64"
      ],
      "dev": true,
      "license": "MIT",
      "optional": true,
      "os": [
        "win32"
      ]
    },
    "node_modules/@rsbuild/core/node_modules/@rspack/core": {
      "version": "2.0.6",
      "resolved": "https://registry.npmmirror.com/@rspack/core/-/core-2.0.6.tgz",
      "integrity": "sha512-ronRqH1T2dYdMFVOQbGvDNxYaLugQK8qhNYYtS2DbOvPKQYvdIYWDenL9k/WV+hLoknnPWMn2ME2cKJcK3Po+g==",
      "dev": true,
      "license": "MIT",
      "dependencies": {
        "@rspack/binding": "2.0.6"
      },
      "engines": {
        "node": "^20.19.0 || >=22.12.0"
      },
      "peerDependencies": {
        "@module-federation/runtime-tools": "^0.24.1 || ^2.0.0",
        "@swc/helpers": "^0.5.23"
      },
      "peerDependenciesMeta": {
        "@module-federation/runtime-tools": {
          "optional": true
        },
        "@swc/helpers": {
          "optional": true
        }
      }
    },
    "node_modules/@rsbuild/plugin-vue": {
      "version": "1.2.9",
      "resolved": "https://registry.npmmirror.com/@rsbuild/plugin-vue/-/plugin-vue-1.2.9.tgz",
      "integrity": "sha512-ufD4eufkZZlNK3iY5NWg57AMK9qrTFmHycDkSTfRTua4Qczf7q9s7rCLYVfVv2w36cOXJIewM+376jD0zaQShQ==",
      "dev": true,
      "license": "MIT",
      "dependencies": {
        "rspack-vue-loader": "^17.5.0"
      },
      "peerDependencies": {
        "@rsbuild/core": "^1.0.0 || ^2.0.0-0"
      },
      "peerDependenciesMeta": {
        "@rsbuild/core": {
          "optional": true
        }
      }
    },
    "node_modules/@rspack/lite-tapable": {
      "version": "1.1.0",
      "resolved": "https://registry.npmmirror.com/@rspack/lite-tapable/-/lite-tapable-1.1.0.tgz",
      "integrity": "sha512-E2B0JhYFmVAwdDiG14+DW0Di4Ze4Jg10Pc4/lILUrd5DRCaklduz2OvJ5HYQ6G+hd+WTzqQb3QnDNfK4yvAFYw==",
      "dev": true,
      "license": "MIT"
    },
    "node_modules/@swc/helpers": {
      "version": "0.5.23",
      "resolved": "https://registry.npmmirror.com/@swc/helpers/-/helpers-0.5.23.tgz",
      "integrity": "sha512-5lSsMOTXURePglDfvuAQUqkGek9Hg2kksOYay2m0+XR++b2NWYL/4sWyuvVBIs8oKnJaxkdi9whaL/sqN13afw==",
      "dev": true,
      "license": "Apache-2.0",
      "dependencies": {
        "tslib": "^2.8.0"
      }
    },
    "node_modules/@tsconfig/node22": {
      "version": "22.0.2",
      "resolved": "https://registry.npmmirror.com/@tsconfig/node22/-/node22-22.0.2.tgz",
      "integrity": "sha512-Kmwj4u8sDRDrMYRoN9FDEcXD8UpBSaPQQ24Gz+Gamqfm7xxn+GBR7ge/Z7pK8OXNGyUzbSwJj+TH6B+DS/epyA==",
      "dev": true,
      "license": "MIT"
    },
    "node_modules/@tybys/wasm-util": {
      "version": "0.10.2",
      "resolved": "https://registry.npmmirror.com/@tybys/wasm-util/-/wasm-util-0.10.2.tgz",
      "integrity": "sha512-RoBvJ2X0wuKlWFIjrwffGw1IqZHKQqzIchKaadZZfnNpsAYp2mM0h36JtPCjNDAHGgYez/15uMBpfGwchhiMgg==",
      "dev": true,
      "license": "MIT",
      "optional": true,
      "dependencies": {
        "tslib": "^2.4.0"
      }
    },
    "node_modules/@types/node": {
      "version": "22.17.0",
      "resolved": "https://registry.npmmirror.com/@types/node/-/node-22.17.0.tgz",
      "integrity": "sha512-bbAKTCqX5aNVryi7qXVMi+OkB3w/OyblodicMbvE38blyAz7GxXf6XYhklokijuPwwVg9sDLKRxt0ZHXQwZVfQ==",
      "dev": true,
      "license": "MIT",
      "dependencies": {
        "undici-types": "~6.21.0"
      }
    },
    "node_modules/@vue/compiler-core": {
      "version": "3.5.18",
      "resolved": "https://registry.npmmirror.com/@vue/compiler-core/-/compiler-core-3.5.18.tgz",
      "integrity": "sha512-3slwjQrrV1TO8MoXgy3aynDQ7lslj5UqDxuHnrzHtpON5CBinhWjJETciPngpin/T3OuW3tXUf86tEurusnztw==",
      "license": "MIT",
      "dependencies": {
        "@babel/parser": "^7.28.0",
        "@vue/shared": "3.5.18",
        "entities": "^4.5.0",
        "estree-walker": "^2.0.2",
        "source-map-js": "^1.2.1"
      }
    },
    "node_modules/@vue/compiler-dom": {
      "version": "3.5.18",
      "resolved": "https://registry.npmmirror.com/@vue/compiler-dom/-/compiler-dom-3.5.18.tgz",
      "integrity": "sha512-RMbU6NTU70++B1JyVJbNbeFkK+A+Q7y9XKE2EM4NLGm2WFR8x9MbAtWxPPLdm0wUkuZv9trpwfSlL6tjdIa1+A==",
      "license": "MIT",
      "dependencies": {
        "@vue/compiler-core": "3.5.18",
        "@vue/shared": "3.5.18"
      }
    },
    "node_modules/@vue/compiler-sfc": {
      "version": "3.5.18",
      "resolved": "https://registry.npmmirror.com/@vue/compiler-sfc/-/compiler-sfc-3.5.18.tgz",
      "integrity": "sha512-5aBjvGqsWs+MoxswZPoTB9nSDb3dhd1x30xrrltKujlCxo48j8HGDNj3QPhF4VIS0VQDUrA1xUfp2hEa+FNyXA==",
      "license": "MIT",
      "dependencies": {
        "@babel/parser": "^7.28.0",
        "@vue/compiler-core": "3.5.18",
        "@vue/compiler-dom": "3.5.18",
        "@vue/compiler-ssr": "3.5.18",
        "@vue/shared": "3.5.18",
        "estree-walker": "^2.0.2",
        "magic-string": "^0.30.17",
        "postcss": "^8.5.6",
        "source-map-js": "^1.2.1"
      }
    },
    "node_modules/@vue/compiler-ssr": {
      "version": "3.5.18",
      "resolved": "https://registry.npmmirror.com/@vue/compiler-ssr/-/compiler-ssr-3.5.18.tgz",
      "integrity": "sha512-xM16Ak7rSWHkM3m22NlmcdIM+K4BMyFARAfV9hYFl+SFuRzrZ3uGMNW05kA5pmeMa0X9X963Kgou7ufdbpOP9g==",
      "license": "MIT",
      "dependencies": {
        "@vue/compiler-dom": "3.5.18",
        "@vue/shared": "3.5.18"
      }
    },
    "node_modules/@vue/devtools-api": {
      "version": "6.6.4",
      "resolved": "https://registry.npmmirror.com/@vue/devtools-api/-/devtools-api-6.6.4.tgz",
      "integrity": "sha512-sGhTPMuXqZ1rVOk32RylztWkfXTRhuS7vgAKv0zjqk8gbsHkJ7xfFf+jbySxt7tWObEJwyKaHMikV/WGDiQm8g==",
      "license": "MIT"
    },
    "node_modules/@vue/reactivity": {
      "version": "3.5.18",
      "resolved": "https://registry.npmmirror.com/@vue/reactivity/-/reactivity-3.5.18.tgz",
      "integrity": "sha512-x0vPO5Imw+3sChLM5Y+B6G1zPjwdOri9e8V21NnTnlEvkxatHEH5B5KEAJcjuzQ7BsjGrKtfzuQ5eQwXh8HXBg==",
      "license": "MIT",
      "dependencies": {
        "@vue/shared": "3.5.18"
      }
    },
    "node_modules/@vue/runtime-core": {
      "version": "3.5.18",
      "resolved": "https://registry.npmmirror.com/@vue/runtime-core/-/runtime-core-3.5.18.tgz",
      "integrity": "sha512-DUpHa1HpeOQEt6+3nheUfqVXRog2kivkXHUhoqJiKR33SO4x+a5uNOMkV487WPerQkL0vUuRvq/7JhRgLW3S+w==",
      "license": "MIT",
      "dependencies": {
        "@vue/reactivity": "3.5.18",
        "@vue/shared": "3.5.18"
      }
    },
    "node_modules/@vue/runtime-dom": {
      "version": "3.5.18",
      "resolved": "https://registry.npmmirror.com/@vue/runtime-dom/-/runtime-dom-3.5.18.tgz",
      "integrity": "sha512-YwDj71iV05j4RnzZnZtGaXwPoUWeRsqinblgVJwR8XTXYZ9D5PbahHQgsbmzUvCWNF6x7siQ89HgnX5eWkr3mw==",
      "license": "MIT",
      "dependencies": {
        "@vue/reactivity": "3.5.18",
        "@vue/runtime-core": "3.5.18",
        "@vue/shared": "3.5.18",
        "csstype": "^3.1.3"
      }
    },
    "node_modules/@vue/server-renderer": {
      "version": "3.5.18",
      "resolved": "https://registry.npmmirror.com/@vue/server-renderer/-/server-renderer-3.5.18.tgz",
      "integrity": "sha512-PvIHLUoWgSbDG7zLHqSqaCoZvHi6NNmfVFOqO+OnwvqMz/tqQr3FuGWS8ufluNddk7ZLBJYMrjcw1c6XzR12mA==",
      "license": "MIT",
      "dependencies": {
        "@vue/compiler-ssr": "3.5.18",
        "@vue/shared": "3.5.18"
      },
      "peerDependencies": {
        "vue": "3.5.18"
      }
    },
    "node_modules/@vue/shared": {
      "version": "3.5.18",
      "resolved": "https://registry.npmmirror.com/@vue/shared/-/shared-3.5.18.tgz",
      "integrity": "sha512-cZy8Dq+uuIXbxCZpuLd2GJdeSO/lIzIspC2WtkqIpje5QyFbvLaI5wZtdUjLHjGZrlVX6GilejatWwVYYRc8tA==",
      "license": "MIT"
    },
    "node_modules/chalk": {
      "version": "4.1.2",
      "resolved": "https://registry.npmmirror.com/chalk/-/chalk-4.1.2.tgz",
      "integrity": "sha512-oKnbhFyRIXpUuez8iBMmyEa4nbj4IOQyuhc/wy9kY7/WVPcwIO9VA668Pu8RkO7+0G76SLROeyw9CpQ061i4mA==",
      "dev": true,
      "license": "MIT",
      "dependencies": {
        "ansi-styles": "^4.1.0",
        "supports-color": "^7.1.0"
      },
      "engines": {
        "node": ">=10"
      },
      "funding": {
        "url": "https://github.com/chalk/chalk?sponsor=1"
      }
    },
    "node_modules/chalk/node_modules/ansi-styles": {
      "version": "4.3.0",
      "resolved": "https://registry.npmmirror.com/ansi-styles/-/ansi-styles-4.3.0.tgz",
      "integrity": "sha512-zbB9rCJAT1rbjiVDb2hqKFHNYLxgtk8NURxZ3IZwD3F6NtxbXZQCnnSi1Lkx+IDohdPlFp222wVALIheZJQSEg==",
      "dev": true,
      "license": "MIT",
      "dependencies": {
        "color-convert": "^2.0.1"
      },
      "engines": {
        "node": ">=8"
      },
      "funding": {
        "url": "https://github.com/chalk/ansi-styles?sponsor=1"
      }
    },
    "node_modules/color-convert": {
      "version": "2.0.1",
      "resolved": "https://registry.npmmirror.com/color-convert/-/color-convert-2.0.1.tgz",
      "integrity": "sha512-RRECPsj7iu/xb5oKYcsFHSppFNnsj/52OVTRKb4zP5onXwVF3zVmmToNcOfGC+CRDpfK/U584fMg38ZHCaElKQ==",
      "dev": true,
      "license": "MIT",
      "dependencies": {
        "color-name": "~1.1.4"
      },
      "engines": {
        "node": ">=7.0.0"
      }
    },
    "node_modules/color-name": {
      "version": "1.1.4",
      "resolved": "https://registry.npmmirror.com/color-name/-/color-name-1.1.4.tgz",
      "integrity": "sha512-dOy+3AuW3a2wNbZHIuMZpTcgjGuLU/uBL/ubcZF9OXbDo8ff4O8yVp5Bf0efS8uEoYo5q4Fx7dY9OgQGXgAsQA==",
      "dev": true,
      "license": "MIT"
    },
    "node_modules/csstype": {
      "version": "3.1.3",
      "resolved": "https://registry.npmmirror.com/csstype/-/csstype-3.1.3.tgz",
      "integrity": "sha512-M1uQkMl8rQK/szD0LNhtqxIPLpimGm8sOBwU7lLnCpSbTyY3yeU1Vc7l4KT5zT4s/yOxHH5O7tIuuLOCnLADRw==",
      "license": "MIT"
    },
    "node_modules/entities": {
      "version": "4.5.0",
      "resolved": "https://registry.npmmirror.com/entities/-/entities-4.5.0.tgz",
      "integrity": "sha512-V0hjH4dGPh9Ao5p0MoRY6BVqtwCjhz6vI5LT8AJ55H+4g9/4vbHx1I54fS0XuclLhDHArPQCiMjDxjaL8fPxhw==",
      "license": "BSD-2-Clause",
      "engines": {
        "node": ">=0.12"
      },
      "funding": {
        "url": "https://github.com/fb55/entities?sponsor=1"
      }
    },
    "node_modules/estree-walker": {
      "version": "2.0.2",
      "resolved": "https://registry.npmmirror.com/estree-walker/-/estree-walker-2.0.2.tgz",
      "integrity": "sha512-Rfkk/Mp/DL7JVje3u18FxFujQlTNR2q6QfMSMB7AvCBx91NGj/ba3kCfza0f6dVDbw7YlRf/nDrn7pQrCCyQ/w==",
      "license": "MIT"
    },
    "node_modules/has-flag": {
      "version": "4.0.0",
      "resolved": "https://registry.npmmirror.com/has-flag/-/has-flag-4.0.0.tgz",
      "integrity": "sha512-EykJT/Q1KjTWctppgIAgfSO0tKVuZUjhgMr17kqTumMl6Afv3EISleU7qZUzoXDFTAHTDC4NOoG/ZxU3EvlMPQ==",
      "dev": true,
      "license": "MIT",
      "engines": {
        "node": ">=8"
      }
    },
    "node_modules/magic-string": {
      "version": "0.30.17",
      "resolved": "https://registry.npmmirror.com/magic-string/-/magic-string-0.30.17.tgz",
      "integrity": "sha512-sNPKHvyjVf7gyjwS4xGTaW/mCnF8wnjtifKBEhxfZ7E/S8tQ0rssrwGNn6q8JH/ohItJfSQp9mBtQYuTlH5QnA==",
      "license": "MIT",
      "dependencies": {
        "@jridgewell/sourcemap-codec": "^1.5.0"
      }
    },
    "node_modules/nanoid": {
      "version": "3.3.11",
      "resolved": "https://registry.npmmirror.com/nanoid/-/nanoid-3.3.11.tgz",
      "integrity": "sha512-N8SpfPUnUp1bK+PMYW8qSWdl9U+wwNWI4QKxOYDy9JAro3WMX7p2OeVRF9v+347pnakNevPmiHhNmZ2HbFA76w==",
      "funding": [
        {
          "type": "github",
          "url": "https://github.com/sponsors/ai"
        }
      ],
      "license": "MIT",
      "bin": {
        "nanoid": "bin/nanoid.cjs"
      },
      "engines": {
        "node": "^10 || ^12 || ^13.7 || ^14 || >=15.0.1"
      }
    },
    "node_modules/picocolors": {
      "version": "1.1.1",
      "resolved": "https://registry.npmmirror.com/picocolors/-/picocolors-1.1.1.tgz",
      "integrity": "sha512-xceH2snhtb5M9liqDsmEw56le376mTZkEX/jEb/RxNFyegNul7eNslCXP9FDj/Lcu0X8KEyMceP2ntpaHrDEVA==",
      "license": "ISC"
    },
    "node_modules/postcss": {
      "version": "8.5.6",
      "resolved": "https://registry.npmmirror.com/postcss/-/postcss-8.5.6.tgz",
      "integrity": "sha512-3Ybi1tAuwAP9s0r1UQ2J4n5Y0G05bJkpUIO0/bI9MhwmD70S5aTWbXGBwxHrelT+XM1k6dM0pk+SwNkpTRN7Pg==",
      "funding": [
        {
          "type": "opencollective",
          "url": "https://opencollective.com/postcss/"
        },
        {
          "type": "tidelift",
          "url": "https://tidelift.com/funding/github/npm/postcss"
        },
        {
          "type": "github",
          "url": "https://github.com/sponsors/ai"
        }
      ],
      "license": "MIT",
      "dependencies": {
        "nanoid": "^3.3.11",
        "picocolors": "^1.1.1",
        "source-map-js": "^1.2.1"
      },
      "engines": {
        "node": "^10 || ^12 || >=14"
      }
    },
    "node_modules/rspack-vue-loader": {
      "version": "17.5.1",
      "resolved": "https://registry.npmmirror.com/rspack-vue-loader/-/rspack-vue-loader-17.5.1.tgz",
      "integrity": "sha512-1pXdeqYM95P0T8DO2ZcOCBnfMp62W5IG2c0RICn1rFYjHcja41IYSQLzcdc1uePEq0n4JZwvfR2lVs8wRZuwzA==",
      "dev": true,
      "license": "MIT",
      "dependencies": {
        "@rspack/lite-tapable": "^1.1.0",
        "chalk": "^4.1.0"
      },
      "peerDependencies": {
        "@rspack/core": "^1.0.0 || ^2.0.0-0"
      },
      "peerDependenciesMeta": {
        "@rspack/core": {
          "optional": true
        },
        "@vue/compiler-sfc": {
          "optional": true
        },
        "vue": {
          "optional": true
        }
      }
    },
    "node_modules/source-map-js": {
      "version": "1.2.1",
      "resolved": "https://registry.npmmirror.com/source-map-js/-/source-map-js-1.2.1.tgz",
      "integrity": "sha512-UXWMKhLOwVKb728IUtQPXxfYU+usdybtUrK/8uGE8CQMvrhOpwvzDBwj0QhSL7MQc7vIsISBG8VQ8+IDQxpfQA==",
      "license": "BSD-3-Clause",
      "engines": {
        "node": ">=0.10.0"
      }
    },
    "node_modules/supports-color": {
      "version": "7.2.0",
      "resolved": "https://registry.npmmirror.com/supports-color/-/supports-color-7.2.0.tgz",
      "integrity": "sha512-qpCAvRl9stuOHveKsn7HncJRvv501qIacKzQlO/+Lwxc9+0q2wLyv4Dfvt80/DPn2pqOBsJdDiogXGR9+OvwRw==",
      "dev": true,
      "license": "MIT",
      "dependencies": {
        "has-flag": "^4.0.0"
      },
      "engines": {
        "node": ">=8"
      }
    },
    "node_modules/tslib": {
      "version": "2.8.1",
      "resolved": "https://registry.npmmirror.com/tslib/-/tslib-2.8.1.tgz",
      "integrity": "sha512-oJFu94HQb+KVduSUQL7wnpmqnfmLsOA/nAh6b6EH0wCEoK0/mPeXU6c3wKDV83MkOuHPRHtSXKKU99IBazS/2w==",
      "dev": true,
      "license": "0BSD"
    },
    "node_modules/typescript": {
      "version": "6.0.3",
      "resolved": "https://registry.npmmirror.com/typescript/-/typescript-6.0.3.tgz",
      "integrity": "sha512-y2TvuxSZPDyQakkFRPZHKFm+KKVqIisdg9/CZwm9ftvKXLP8NRWj38/ODjNbr43SsoXqNuAisEf1GdCxqWcdBw==",
      "devOptional": true,
      "license": "Apache-2.0",
      "bin": {
        "tsc": "bin/tsc",
        "tsserver": "bin/tsserver"
      },
      "engines": {
        "node": ">=14.17"
      }
    },
    "node_modules/undici-types": {
      "version": "6.21.0",
      "resolved": "https://registry.npmmirror.com/undici-types/-/undici-types-6.21.0.tgz",
      "integrity": "sha512-iwDZqg0QAGrg9Rav5H4n0M64c3mkR59cJ6wQp+7C4nI0gsmExaedaYLNO44eT4AtBBwjbTiGPMlt2Md0T9H9JQ==",
      "dev": true,
      "license": "MIT"
    },
    "node_modules/vue": {
      "version": "3.5.18",
      "resolved": "https://registry.npmmirror.com/vue/-/vue-3.5.18.tgz",
      "integrity": "sha512-7W4Y4ZbMiQ3SEo+m9lnoNpV9xG7QVMLa+/0RFwwiAVkeYoyGXqWE85jabU4pllJNUzqfLShJ5YLptewhCWUgNA==",
      "license": "MIT",
      "dependencies": {
        "@vue/compiler-dom": "3.5.18",
        "@vue/compiler-sfc": "3.5.18",
        "@vue/runtime-dom": "3.5.18",
        "@vue/server-renderer": "3.5.18",
        "@vue/shared": "3.5.18"
      },
      "peerDependencies": {
        "typescript": "*"
      },
      "peerDependenciesMeta": {
        "typescript": {
          "optional": true
        }
      }
    },
    "node_modules/vue-router": {
      "version": "4.5.1",
      "resolved": "https://registry.npmmirror.com/vue-router/-/vue-router-4.5.1.tgz",
      "integrity": "sha512-ogAF3P97NPm8fJsE4by9dwSYtDwXIY1nFY9T6DyQnGHd1E2Da94w9JIolpe42LJGIl0DwOHBi8TcRPlPGwbTtw==",
      "license": "MIT",
      "dependencies": {
        "@vue/devtools-api": "^6.6.4"
      },
      "funding": {
        "url": "https://github.com/sponsors/posva"
      },
      "peerDependencies": {
        "vue": "^3.2.0"
      }
    }
  }
}
